
Microsoft Visual Studio Solution File, Format Version 12.00
# Visual Studio 15
VisualStudioVersion = 15.0.28307.489
MinimumVisualStudioVersion = 10.0.40219.1
Project("{FAE04EC0-301F-11D3-BF4B-00C04F79EFBC}") = "SaveEVS", "SaveEVS\SaveEVS.csproj", "{F5137744-3F8B-436B-839F-E77762BE7B82}"
EndProject
Global
	GlobalSection(SolutionConfigurationPlatforms) = preSolution
		Debug|Any CPU = Debug|Any CPU
		Release|Any CPU = Release|Any CPU
	EndGlobalSection
	GlobalSection(ProjectConfigurationPlatforms) = postSolution
		{F5137744-3F8B-436B-839F-E77762BE7B82}.Debug|Any CPU.ActiveCfg = Debug|Any CPU
		{F5137744-3F8B-436B-839F-E77762BE7B82}.Debug|Any CPU.Build.0 = Debug|Any CPU
		{F5137744-3F8B-436B-839F-E77762BE7B82}.Release|Any CPU.ActiveCfg = Release|Any CPU
		{F5137744-3F8B-436B-839F-E77762BE7B82}.Release|Any CPU.Build.0 = Release|Any CPU
	EndGlobalSection
	GlobalSection(SolutionProperties) = preSolution
		HideSolutionNode = FALSE
	EndGlobalSection
	GlobalSection(ExtensibilityGlobals) = postSolution
		SolutionGuid = {F7683599-4EF9-4C75-B7F4-C36F322E5294}
	EndGlobalSection
EndGlobal
